
Microsoft Visual Studio Solution File, Format Version 12.00
# Visual Studio 11
Project("{FAE04EC0-301F-11D3-BF4B-00C04F79EFBC}") = "EricGhent.FooPublisher", "src\app\EricGhent.FooPublisher\EricGhent.FooPublisher.csproj", "{042FF4CC-3868-4B57-9459-053C042A8526}"
EndProject
Project("{FAE04EC0-301F-11D3-BF4B-00C04F79EFBC}") = "EricGhent.FooMessage", "src\app\EricGhent.FooMessage\EricGhent.FooMessage.csproj", "{92F1D99F-1374-4D7F-B35C-3EE4065D8ACA}"
EndProject
Project("{FAE04EC0-301F-11D3-BF4B-00C04F79EFBC}") = "EricGhent.FooSubscriber1", "src\app\EricGhent.FooSubscriber1\EricGhent.FooSubscriber1.csproj", "{0E01096E-D321-47C8-81F4-14E969A36FDD}"
EndProject
Project("{FAE04EC0-301F-11D3-BF4B-00C04F79EFBC}") = "EricGhent.FooSubscriber2", "src\app\EricGhent.FooSubscriber2\EricGhent.FooSubscriber2.csproj", "{4DA12AAC-FF11-422D-A7D1-416A2245F53F}"
EndProject
Project("{FAE04EC0-301F-11D3-BF4B-00C04F79EFBC}") = "FooPublisherTests", "src\test\FooPublisherTests\FooPublisherTests.csproj", "{079CE24C-F47E-40C7-9575-FA6EC25F2A1B}"
EndProject
Project("{2150E333-8FDC-42A3-9474-1A3956D46DE8}") = "tests", "tests", "{3684D592-D8F7-448C-8437-9CCE9BE7BB69}"
EndProject
Global
	GlobalSection(SolutionConfigurationPlatforms) = preSolution
		Debug|Any CPU = Debug|Any CPU
		Release|Any CPU = Release|Any CPU
	EndGlobalSection
	GlobalSection(ProjectConfigurationPlatforms) = postSolution
		{042FF4CC-3868-4B57-9459-053C042A8526}.Debug|Any CPU.ActiveCfg = Debug|Any CPU
		{042FF4CC-3868-4B57-9459-053C042A8526}.Debug|Any CPU.Build.0 = Debug|Any CPU
		{042FF4CC-3868-4B57-9459-053C042A8526}.Release|Any CPU.ActiveCfg = Release|Any CPU
		{042FF4CC-3868-4B57-9459-053C042A8526}.Release|Any CPU.Build.0 = Release|Any CPU
		{079CE24C-F47E-40C7-9575-FA6EC25F2A1B}.Debug|Any CPU.ActiveCfg = Debug|Any CPU
		{079CE24C-F47E-40C7-9575-FA6EC25F2A1B}.Debug|Any CPU.Build.0 = Debug|Any CPU
		{079CE24C-F47E-40C7-9575-FA6EC25F2A1B}.Release|Any CPU.ActiveCfg = Release|Any CPU
		{079CE24C-F47E-40C7-9575-FA6EC25F2A1B}.Release|Any CPU.Build.0 = Release|Any CPU
		{0E01096E-D321-47C8-81F4-14E969A36FDD}.Debug|Any CPU.ActiveCfg = Debug|Any CPU
		{0E01096E-D321-47C8-81F4-14E969A36FDD}.Debug|Any CPU.Build.0 = Debug|Any CPU
		{0E01096E-D321-47C8-81F4-14E969A36FDD}.Release|Any CPU.ActiveCfg = Release|Any CPU
		{0E01096E-D321-47C8-81F4-14E969A36FDD}.Release|Any CPU.Build.0 = Release|Any CPU
		{4DA12AAC-FF11-422D-A7D1-416A2245F53F}.Debug|Any CPU.ActiveCfg = Debug|Any CPU
		{4DA12AAC-FF11-422D-A7D1-416A2245F53F}.Debug|Any CPU.Build.0 = Debug|Any CPU
		{4DA12AAC-FF11-422D-A7D1-416A2245F53F}.Release|Any CPU.ActiveCfg = Release|Any CPU
		{4DA12AAC-FF11-422D-A7D1-416A2245F53F}.Release|Any CPU.Build.0 = Release|Any CPU
		{92F1D99F-1374-4D7F-B35C-3EE4065D8ACA}.Debug|Any CPU.ActiveCfg = Debug|Any CPU
		{92F1D99F-1374-4D7F-B35C-3EE4065D8ACA}.Debug|Any CPU.Build.0 = Debug|Any CPU
		{92F1D99F-1374-4D7F-B35C-3EE4065D8ACA}.Release|Any CPU.ActiveCfg = Release|Any CPU
		{92F1D99F-1374-4D7F-B35C-3EE4065D8ACA}.Release|Any CPU.Build.0 = Release|Any CPU
	EndGlobalSection
	GlobalSection(SolutionProperties) = preSolution
		HideSolutionNode = FALSE
	EndGlobalSection
	GlobalSection(NestedProjects) = preSolution
		{079CE24C-F47E-40C7-9575-FA6EC25F2A1B} = {3684D592-D8F7-448C-8437-9CCE9BE7BB69}
	EndGlobalSection
EndGlobal
